
Microsoft Visual Studio Solution File, Format Version 12.00
# Visual Studio Version 16
VisualStudioVersion = 16.0.30406.217
MinimumVisualStudioVersion = 10.0.40219.1
Project("{FAE04EC0-301F-11D3-BF4B-00C04F79EFBC}") = "TestApplication", "TestApplication\TestApplication.csproj", "{2DA7BAB1-E3BE-4F10-849E-514CBAA96DCF}"
EndProject
Global
	GlobalSection(SolutionConfigurationPlatforms) = preSolution
		Debug|Any CPU = Debug|Any CPU
		Release|Any CPU = Release|Any CPU
	EndGlobalSection
	GlobalSection(ProjectConfigurationPlatforms) = postSolution
		{2DA7BAB1-E3BE-4F10-849E-514CBAA96DCF}.Debug|Any CPU.ActiveCfg = Debug|Any CPU
		{2DA7BAB1-E3BE-4F10-849E-514CBAA96DCF}.Debug|Any CPU.Build.0 = Debug|Any CPU
		{2DA7BAB1-E3BE-4F10-849E-514CBAA96DCF}.Release|Any CPU.ActiveCfg = Release|Any CPU
		{2DA7BAB1-E3BE-4F10-849E-514CBAA96DCF}.Release|Any CPU.Build.0 = Release|Any CPU
	EndGlobalSection
	GlobalSection(SolutionProperties) = preSolution
		HideSolutionNode = FALSE
	EndGlobalSection
	GlobalSection(ExtensibilityGlobals) = postSolution
		SolutionGuid = {A4248663-FD11-47C8-B516-20A5629A2EFD}
	EndGlobalSection
EndGlobal
